
Microsoft Visual Studio Solution File, Format Version 12.00
# Visual Studio Version 17
VisualStudioVersion = 17.5.33103.201
MinimumVisualStudioVersion = 10.0.40219.1
Project("{FAE04EC0-301F-11D3-BF4B-00C04F79EFBC}") = "XFDataTypeSample.UWP", "XFDataTypeSample\XFDataTypeSample.UWP\XFDataTypeSample.UWP.csproj", "{6A446EE0-304B-4C9E-9BB2-B5C7BD331F6C}"
EndProject
Project("{FAE04EC0-301F-11D3-BF4B-00C04F79EFBC}") = "XFDataTypeSample.Android", "XFDataTypeSample\XFDataTypeSample.Android\XFDataTypeSample.Android.csproj", "{C74C28E4-7D74-481D-AC95-D246E2367DEB}"
EndProject
Project("{FAE04EC0-301F-11D3-BF4B-00C04F79EFBC}") = "XFDataTypeSample.iOS", "XFDataTypeSample\XFDataTypeSample.iOS\XFDataTypeSample.iOS.csproj", "{CC2484C8-7728-468F-B985-86F81AE1B06C}"
EndProject
Project("{FAE04EC0-301F-11D3-BF4B-00C04F79EFBC}") = "XFDataTypeSample", "XFDataTypeSample\XFDataTypeSample\XFDataTypeSample.csproj", "{16196DB2-3838-4B87-BAE5-290993294909}"
EndProject
Global
	GlobalSection(SolutionConfigurationPlatforms) = preSolution
		Debug|Any CPU = Debug|Any CPU
		Debug|ARM = Debug|ARM
		Debug|iPhone = Debug|iPhone
		Debug|iPhoneSimulator = Debug|iPhoneSimulator
		Debug|x64 = Debug|x64
		Debug|x86 = Debug|x86
		Release|Any CPU = Release|Any CPU
		Release|ARM = Release|ARM
		Release|iPhone = Release|iPhone
		Release|iPhoneSimulator = Release|iPhoneSimulator
		Release|x64 = Release|x64
		Release|x86 = Release|x86
	EndGlobalSection
	GlobalSection(ProjectConfigurationPlatforms) = postSolution
		{6A446EE0-304B-4C9E-9BB2-B5C7BD331F6C}.Debug|Any CPU.ActiveCfg = Debug|x64
		{6A446EE0-304B-4C9E-9BB2-B5C7BD331F6C}.Debug|Any CPU.Build.0 = Debug|x64
		{6A446EE0-304B-4C9E-9BB2-B5C7BD331F6C}.Debug|Any CPU.Deploy.0 = Debug|x64
		{6A446EE0-304B-4C9E-9BB2-B5C7BD331F6C}.Debug|ARM.ActiveCfg = Debug|ARM
		{6A446EE0-304B-4C9E-9BB2-B5C7BD331F6C}.Debug|ARM.Build.0 = Debug|ARM
		{6A446EE0-304B-4C9E-9BB2-B5C7BD331F6C}.Debug|ARM.Deploy.0 = Debug|ARM
		{6A446EE0-304B-4C9E-9BB2-B5C7BD331F6C}.Debug|iPhone.ActiveCfg = Debug|x64
		{6A446EE0-304B-4C9E-9BB2-B5C7BD331F6C}.Debug|iPhone.Build.0 = Debug|x64
		{6A446EE0-304B-4C9E-9BB2-B5C7BD331F6C}.Debug|iPhone.Deploy.0 = Debug|x64
		{6A446EE0-304B-4C9E-9BB2-B5C7BD331F6C}.Debug|iPhoneSimulator.ActiveCfg = Debug|x64
		{6A446EE0-304B-4C9E-9BB2-B5C7BD331F6C}.Debug|iPhoneSimulator.Build.0 = Debug|x64
		{6A446EE0-304B-4C9E-9BB2-B5C7BD331F6C}.Debug|iPhoneSimulator.Deploy.0 = Debug|x64
		{6A446EE0-304B-4C9E-9BB2-B5C7BD331F6C}.Debug|x64.ActiveCfg = Debug|x64
		{6A446EE0-304B-4C9E-9BB2-B5C7BD331F6C}.Debug|x64.Build.0 = Debug|x64
		{6A446EE0-304B-4C9E-9BB2-B5C7BD331F6C}.Debug|x64.Deploy.0 = Debug|x64
		{6A446EE0-304B-4C9E-9BB2-B5C7BD331F6C}.Debug|x86.ActiveCfg = Debug|x86
		{6A446EE0-304B-4C9E-9BB2-B5C7BD331F6C}.Debug|x86.Build.0 = Debug|x86
		{6A446EE0-304B-4C9E-9BB2-B5C7BD331F6C}.Debug|x86.Deploy.0 = Debug|x86
		{6A446EE0-304B-4C9E-9BB2-B5C7BD331F6C}.Release|Any CPU.ActiveCfg = Release|x64
		{6A446EE0-304B-4C9E-9BB2-B5C7BD331F6C}.Release|Any CPU.Build.0 = Release|x64
		{6A446EE0-304B-4C9E-9BB2-B5C7BD331F6C}.Release|Any CPU.Deploy.0 = Release|x64
		{6A446EE0-304B-4C9E-9BB2-B5C7BD331F6C}.Release|ARM.ActiveCfg = Release|ARM
		{6A446EE0-304B-4C9E-9BB2-B5C7BD331F6C}.Release|ARM.Build.0 = Release|ARM
		{6A446EE0-304B-4C9E-9BB2-B5C7BD331F6C}.Release|ARM.Deploy.0 = Release|ARM
		{6A446EE0-304B-4C9E-9BB2-B5C7BD331F6C}.Release|iPhone.ActiveCfg = Release|x64
		{6A446EE0-304B-4C9E-9BB2-B5C7BD331F6C}.Release|iPhone.Build.0 = Release|x64
		{6A446EE0-304B-4C9E-9BB2-B5C7BD331F6C}.Release|iPhone.Deploy.0 = Release|x64
		{6A446EE0-304B-4C9E-9BB2-B5C7BD331F6C}.Release|iPhoneSimulator.ActiveCfg = Release|x64
		{6A446EE0-304B-4C9E-9BB2-B5C7BD331F6C}.Release|iPhoneSimulator.Build.0 = Release|x64
		{6A446EE0-304B-4C9E-9BB2-B5C7BD331F6C}.Release|iPhoneSimulator.Deploy.0 = Release|x64
		{6A446EE0-304B-4C9E-9BB2-B5C7BD331F6C}.Release|x64.ActiveCfg = Release|x64
		{6A446EE0-304B-4C9E-9BB2-B5C7BD331F6C}.Release|x64.Build.0 = Release|x64
		{6A446EE0-304B-4C9E-9BB2-B5C7BD331F6C}.Release|x64.Deploy.0 = Release|x64
		{6A446EE0-304B-4C9E-9BB2-B5C7BD331F6C}.Release|x86.ActiveCfg = Release|x86
		{6A446EE0-304B-4C9E-9BB2-B5C7BD331F6C}.Release|x86.Build.0 = Release|x86
		{6A446EE0-304B-4C9E-9BB2-B5C7BD331F6C}.Release|x86.Deploy.0 = Release|x86
		{C74C28E4-7D74-481D-AC95-D246E2367DEB}.Debug|Any CPU.ActiveCfg = Debug|Any CPU
		{C74C28E4-7D74-481D-AC95-D246E2367DEB}.Debug|Any CPU.Build.0 = Debug|Any CPU
		{C74C28E4-7D74-481D-AC95-D246E2367DEB}.Debug|Any CPU.Deploy.0 = Debug|Any CPU
		{C74C28E4-7D74-481D-AC95-D246E2367DEB}.Debug|ARM.ActiveCfg = Debug|Any CPU
		{C74C28E4-7D74-481D-AC95-D246E2367DEB}.Debug|ARM.Build.0 = Debug|Any CPU
		{C74C28E4-7D74-481D-AC95-D246E2367DEB}.Debug|ARM.Deploy.0 = Debug|Any CPU
		{C74C28E4-7D74-481D-AC95-D246E2367DEB}.Debug|iPhone.ActiveCfg = Debug|Any CPU
		{C74C28E4-7D74-481D-AC95-D246E2367DEB}.Debug|iPhone.Build.0 = Debug|Any CPU
		{C74C28E4-7D74-481D-AC95-D246E2367DEB}.Debug|iPhone.Deploy.0 = Debug|Any CPU
		{C74C28E4-7D74-481D-AC95-D246E2367DEB}.Debug|iPhoneSimulator.ActiveCfg = Debug|Any CPU
		{C74C28E4-7D74-481D-AC95-D246E2367DEB}.Debug|iPhoneSimulator.Build.0 = Debug|Any CPU
		{C74C28E4-7D74-481D-AC95-D246E2367DEB}.Debug|iPhoneSimulator.Deploy.0 = Debug|Any CPU
		{C74C28E4-7D74-481D-AC95-D246E2367DEB}.Debug|x64.ActiveCfg = Debug|Any CPU
		{C74C28E4-7D74-481D-AC95-D246E2367DEB}.Debug|x64.Build.0 = Debug|Any CPU
		{C74C28E4-7D74-481D-AC95-D246E2367DEB}.Debug|x64.Deploy.0 = Debug|Any CPU
		{C74C28E4-7D74-481D-AC95-D246E2367DEB}.Debug|x86.ActiveCfg = Debug|Any CPU
		{C74C28E4-7D74-481D-AC95-D246E2367DEB}.Debug|x86.Build.0 = Debug|Any CPU
		{C74C28E4-7D74-481D-AC95-D246E2367DEB}.Debug|x86.Deploy.0 = Debug|Any CPU
		{C74C28E4-7D74-481D-AC95-D246E2367DEB}.Release|Any CPU.ActiveCfg = Release|Any CPU
		{C74C28E4-7D74-481D-AC95-D246E2367DEB}.Release|Any CPU.Build.0 = Release|Any CPU
		{C74C28E4-7D74-481D-AC95-D246E2367DEB}.Release|Any CPU.Deploy.0 = Release|Any CPU
		{C74C28E4-7D74-481D-AC95-D246E2367DEB}.Release|ARM.ActiveCfg = Release|Any CPU
		{C74C28E4-7D74-481D-AC95-D246E2367DEB}.Release|ARM.Build.0 = Release|Any CPU
		{C74C28E4-7D74-481D-AC95-D246E2367DEB}.Release|ARM.Deploy.0 = Release|Any CPU
		{C74C28E4-7D74-481D-AC95-D246E2367DEB}.Release|iPhone.ActiveCfg = Release|Any CPU
		{C74C28E4-7D74-481D-AC95-D246E2367DEB}.Release|iPhone.Build.0 = Release|Any CPU
		{C74C28E4-7D74-481D-AC95-D246E2367DEB}.Release|iPhone.Deploy.0 = Release|Any CPU
		{C74C28E4-7D74-481D-AC95-D246E2367DEB}.Release|iPhoneSimulator.ActiveCfg = Release|Any CPU
		{C74C28E4-7D74-481D-AC95-D246E2367DEB}.Release|iPhoneSimulator.Build.0 = Release|Any CPU
		{C74C28E4-7D74-481D-AC95-D246E2367DEB}.Release|iPhoneSimulator.Deploy.0 = Release|Any CPU
		{C74C28E4-7D74-481D-AC95-D246E2367DEB}.Release|x64.ActiveCfg = Release|Any CPU
		{C74C28E4-7D74-481D-AC95-D246E2367DEB}.Release|x64.Build.0 = Release|Any CPU
		{C74C28E4-7D74-481D-AC95-D246E2367DEB}.Release|x64.Deploy.0 = Release|Any CPU
		{C74C28E4-7D74-481D-AC95-D246E2367DEB}.Release|x86.ActiveCfg = Release|Any CPU
		{C74C28E4-7D74-481D-AC95-D246E2367DEB}.Release|x86.Build.0 = Release|Any CPU
		{C74C28E4-7D74-481D-AC95-D246E2367DEB}.Release|x86.Deploy.0 = Release|Any CPU
		{CC2484C8-7728-468F-B985-86F81AE1B06C}.Debug|Any CPU.ActiveCfg = Debug|iPhoneSimulator
		{CC2484C8-7728-468F-B985-86F81AE1B06C}.Debug|Any CPU.Build.0 = Debug|iPhoneSimulator
		{CC2484C8-7728-468F-B985-86F81AE1B06C}.Debug|Any CPU.Deploy.0 = Debug|iPhoneSimulator
		{CC2484C8-7728-468F-B985-86F81AE1B06C}.Debug|ARM.ActiveCfg = Debug|iPhoneSimulator
		{CC2484C8-7728-468F-B985-86F81AE1B06C}.Debug|ARM.Build.0 = Debug|iPhoneSimulator
		{CC2484C8-7728-468F-B985-86F81AE1B06C}.Debug|ARM.Deploy.0 = Debug|iPhoneSimulator
		{CC2484C8-7728-468F-B985-86F81AE1B06C}.Debug|iPhone.ActiveCfg = Debug|iPhone
		{CC2484C8-7728-468F-B985-86F81AE1B06C}.Debug|iPhone.Build.0 = Debug|iPhone
		{CC2484C8-7728-468F-B985-86F81AE1B06C}.Debug|iPhone.Deploy.0 = Debug|iPhone
		{CC2484C8-7728-468F-B985-86F81AE1B06C}.Debug|iPhoneSimulator.ActiveCfg = Debug|iPhoneSimulator
		{CC2484C8-7728-468F-B985-86F81AE1B06C}.Debug|iPhoneSimulator.Build.0 = Debug|iPhoneSimulator
		{CC2484C8-7728-468F-B985-86F81AE1B06C}.Debug|iPhoneSimulator.Deploy.0 = Debug|iPhoneSimulator
		{CC2484C8-7728-468F-B985-86F81AE1B06C}.Debug|x64.ActiveCfg = Debug|iPhone
		{CC2484C8-7728-468F-B985-86F81AE1B06C}.Debug|x64.Build.0 = Debug|iPhone
		{CC2484C8-7728-468F-B985-86F81AE1B06C}.Debug|x64.Deploy.0 = Debug|iPhone
		{CC2484C8-7728-468F-B985-86F81AE1B06C}.Debug|x86.ActiveCfg = Debug|iPhoneSimulator
		{CC2484C8-7728-468F-B985-86F81AE1B06C}.Debug|x86.Build.0 = Debug|iPhoneSimulator
		{CC2484C8-7728-468F-B985-86F81AE1B06C}.Debug|x86.Deploy.0 = Debug|iPhoneSimulator
		{CC2484C8-7728-468F-B985-86F81AE1B06C}.Release|Any CPU.ActiveCfg = Release|iPhoneSimulator
		{CC2484C8-7728-468F-B985-86F81AE1B06C}.Release|Any CPU.Build.0 = Release|iPhoneSimulator
		{CC2484C8-7728-468F-B985-86F81AE1B06C}.Release|Any CPU.Deploy.0 = Release|iPhoneSimulator
		{CC2484C8-7728-468F-B985-86F81AE1B06C}.Release|ARM.ActiveCfg = Release|iPhoneSimulator
		{CC2484C8-7728-468F-B985-86F81AE1B06C}.Release|ARM.Build.0 = Release|iPhoneSimulator
		{CC2484C8-7728-468F-B985-86F81AE1B06C}.Release|ARM.Deploy.0 = Release|iPhoneSimulator
		{CC2484C8-7728-468F-B985-86F81AE1B06C}.Release|iPhone.ActiveCfg = Release|iPhone
		{CC2484C8-7728-468F-B985-86F81AE1B06C}.Release|iPhone.Build.0 = Release|iPhone
		{CC2484C8-7728-468F-B985-86F81AE1B06C}.Release|iPhone.Deploy.0 = Release|iPhone
		{CC2484C8-7728-468F-B985-86F81AE1B06C}.Release|iPhoneSimulator.ActiveCfg = Release|iPhoneSimulator
		{CC2484C8-7728-468F-B985-86F81AE1B06C}.Release|iPhoneSimulator.Build.0 = Release|iPhoneSimulator
		{CC2484C8-7728-468F-B985-86F81AE1B06C}.Release|iPhoneSimulator.Deploy.0 = Release|iPhoneSimulator
		{CC2484C8-7728-468F-B985-86F81AE1B06C}.Release|x64.ActiveCfg = Release|iPhoneSimulator
		{CC2484C8-7728-468F-B985-86F81AE1B06C}.Release|x64.Build.0 = Release|iPhoneSimulator
		{CC2484C8-7728-468F-B985-86F81AE1B06C}.Release|x64.Deploy.0 = Release|iPhoneSimulator
		{CC2484C8-7728-468F-B985-86F81AE1B06C}.Release|x86.ActiveCfg = Release|iPhoneSimulator
		{CC2484C8-7728-468F-B985-86F81AE1B06C}.Release|x86.Build.0 = Release|iPhoneSimulator
		{CC2484C8-7728-468F-B985-86F81AE1B06C}.Release|x86.Deploy.0 = Release|iPhoneSimulator
		{16196DB2-3838-4B87-BAE5-290993294909}.Debug|Any CPU.ActiveCfg = Debug|Any CPU
		{16196DB2-3838-4B87-BAE5-290993294909}.Debug|Any CPU.Build.0 = Debug|Any CPU
		{16196DB2-3838-4B87-BAE5-290993294909}.Debug|Any CPU.Deploy.0 = Debug|Any CPU
		{16196DB2-3838-4B87-BAE5-290993294909}.Debug|ARM.ActiveCfg = Debug|Any CPU
		{16196DB2-3838-4B87-BAE5-290993294909}.Debug|ARM.Build.0 = Debug|Any CPU
		{16196DB2-3838-4B87-BAE5-290993294909}.Debug|ARM.Deploy.0 = Debug|Any CPU
		{16196DB2-3838-4B87-BAE5-290993294909}.Debug|iPhone.ActiveCfg = Debug|Any CPU
		{16196DB2-3838-4B87-BAE5-290993294909}.Debug|iPhone.Build.0 = Debug|Any CPU
		{16196DB2-3838-4B87-BAE5-290993294909}.Debug|iPhone.Deploy.0 = Debug|Any CPU
		{16196DB2-3838-4B87-BAE5-290993294909}.Debug|iPhoneSimulator.ActiveCfg = Debug|Any CPU
		{16196DB2-3838-4B87-BAE5-290993294909}.Debug|iPhoneSimulator.Build.0 = Debug|Any CPU
		{16196DB2-3838-4B87-BAE5-290993294909}.Debug|iPhoneSimulator.Deploy.0 = Debug|Any CPU
		{16196DB2-3838-4B87-BAE5-290993294909}.Debug|x64.ActiveCfg = Debug|Any CPU
		{16196DB2-3838-4B87-BAE5-290993294909}.Debug|x64.Build.0 = Debug|Any CPU
		{16196DB2-3838-4B87-BAE5-290993294909}.Debug|x64.Deploy.0 = Debug|Any CPU
		{16196DB2-3838-4B87-BAE5-290993294909}.Debug|x86.ActiveCfg = Debug|Any CPU
		{16196DB2-3838-4B87-BAE5-290993294909}.Debug|x86.Build.0 = Debug|Any CPU
		{16196DB2-3838-4B87-BAE5-290993294909}.Debug|x86.Deploy.0 = Debug|Any CPU
		{16196DB2-3838-4B87-BAE5-290993294909}.Release|Any CPU.ActiveCfg = Release|Any CPU
		{16196DB2-3838-4B87-BAE5-290993294909}.Release|Any CPU.Build.0 = Release|Any CPU
		{16196DB2-3838-4B87-BAE5-290993294909}.Release|Any CPU.Deploy.0 = Release|Any CPU
		{16196DB2-3838-4B87-BAE5-290993294909}.Release|ARM.ActiveCfg = Release|Any CPU
		{16196DB2-3838-4B87-BAE5-290993294909}.Release|ARM.Build.0 = Release|Any CPU
		{16196DB2-3838-4B87-BAE5-290993294909}.Release|ARM.Deploy.0 = Release|Any CPU
		{16196DB2-3838-4B87-BAE5-290993294909}.Release|iPhone.ActiveCfg = Release|Any CPU
		{16196DB2-3838-4B87-BAE5-290993294909}.Release|iPhone.Build.0 = Release|Any CPU
		{16196DB2-3838-4B87-BAE5-290993294909}.Release|iPhone.Deploy.0 = Release|Any CPU
		{16196DB2-3838-4B87-BAE5-290993294909}.Release|iPhoneSimulator.ActiveCfg = Release|Any CPU
		{16196DB2-3838-4B87-BAE5-290993294909}.Release|iPhoneSimulator.Build.0 = Release|Any CPU
		{16196DB2-3838-4B87-BAE5-290993294909}.Release|iPhoneSimulator.Deploy.0 = Release|Any CPU
		{16196DB2-3838-4B87-BAE5-290993294909}.Release|x64.ActiveCfg = Release|Any CPU
		{16196DB2-3838-4B87-BAE5-290993294909}.Release|x64.Build.0 = Release|Any CPU
		{16196DB2-3838-4B87-BAE5-290993294909}.Release|x64.Deploy.0 = Release|Any CPU
		{16196DB2-3838-4B87-BAE5-290993294909}.Release|x86.ActiveCfg = Release|Any CPU
		{16196DB2-3838-4B87-BAE5-290993294909}.Release|x86.Build.0 = Release|Any CPU
		{16196DB2-3838-4B87-BAE5-290993294909}.Release|x86.Deploy.0 = Release|Any CPU
	EndGlobalSection
	GlobalSection(SolutionProperties) = preSolution
		HideSolutionNode = FALSE
	EndGlobalSection
	GlobalSection(ExtensibilityGlobals) = postSolution
		SolutionGuid = {FB06A606-48DD-4129-8909-3D5051612D7B}
	EndGlobalSection
EndGlobal
